
Microsoft Visual Studio Solution File, Format Version 12.00
# Visual Studio Express 2012 for Web
Project("{E24C65DC-7377-472B-9ABA-BC803B73C61A}") = "Clothes_Shop_Websites", ".", "{3F20010F-883D-4C0D-84E3-7BCDC9DC51D6}"
	ProjectSection(WebsiteProperties) = preProject
		Frontpage = "false"
		TargetFrameworkMoniker = ".NETFramework,Version%3Dv4.5.2"
		Debug.AspNetCompiler.VirtualPath = "/localhost_50706"
		Debug.AspNetCompiler.PhysicalPath = "..\Clothes_Shop_Websites\"
		Debug.AspNetCompiler.TargetPath = "PrecompiledWeb\localhost_50706\"
		Debug.AspNetCompiler.Updateable = "true"
		Debug.AspNetCompiler.ForceOverwrite = "true"
		Debug.AspNetCompiler.FixedNames = "false"
		Debug.AspNetCompiler.Debug = "True"
		Release.AspNetCompiler.VirtualPath = "/localhost_50706"
		Release.AspNetCompiler.PhysicalPath = "..\Clothes_Shop_Websites\"
		Release.AspNetCompiler.TargetPath = "PrecompiledWeb\localhost_50706\"
		Release.AspNetCompiler.Updateable = "true"
		Release.AspNetCompiler.ForceOverwrite = "true"
		Release.AspNetCompiler.FixedNames = "false"
		Release.AspNetCompiler.Debug = "False"
		VWDPort = "49940"
		DefaultWebSiteLanguage = "Visual C#"
	EndProjectSection
EndProject
Global
	GlobalSection(SolutionConfigurationPlatforms) = preSolution
		Debug|Any CPU = Debug|Any CPU
	EndGlobalSection
	GlobalSection(ProjectConfigurationPlatforms) = postSolution
		{3F20010F-883D-4C0D-84E3-7BCDC9DC51D6}.Debug|Any CPU.ActiveCfg = Debug|Any CPU
		{3F20010F-883D-4C0D-84E3-7BCDC9DC51D6}.Debug|Any CPU.Build.0 = Debug|Any CPU
	EndGlobalSection
	GlobalSection(SolutionProperties) = preSolution
		HideSolutionNode = FALSE
	EndGlobalSection
EndGlobal
