
Microsoft Visual Studio Solution File, Format Version 12.00
# Visual Studio 15
VisualStudioVersion = 15.0.28307.271
MinimumVisualStudioVersion = 10.0.40219.1
Project("{FAE04EC0-301F-11D3-BF4B-00C04F79EFBC}") = "Studenci", "Studenci\Studenci.csproj", "{F12316F3-DCD2-446F-BDC1-E32DD1E67EF4}"
EndProject
Global
	GlobalSection(SolutionConfigurationPlatforms) = preSolution
		Debug|Any CPU = Debug|Any CPU
		Release|Any CPU = Release|Any CPU
	EndGlobalSection
	GlobalSection(ProjectConfigurationPlatforms) = postSolution
		{F12316F3-DCD2-446F-BDC1-E32DD1E67EF4}.Debug|Any CPU.ActiveCfg = Debug|Any CPU
		{F12316F3-DCD2-446F-BDC1-E32DD1E67EF4}.Debug|Any CPU.Build.0 = Debug|Any CPU
		{F12316F3-DCD2-446F-BDC1-E32DD1E67EF4}.Release|Any CPU.ActiveCfg = Release|Any CPU
		{F12316F3-DCD2-446F-BDC1-E32DD1E67EF4}.Release|Any CPU.Build.0 = Release|Any CPU
	EndGlobalSection
	GlobalSection(SolutionProperties) = preSolution
		HideSolutionNode = FALSE
	EndGlobalSection
	GlobalSection(ExtensibilityGlobals) = postSolution
		SolutionGuid = {33A42BA8-24E2-4768-9013-99AD70B6BFC7}
	EndGlobalSection
EndGlobal
