
Microsoft Visual Studio Solution File, Format Version 12.00
# Visual Studio Version 16
VisualStudioVersion = 16.0.29509.3
MinimumVisualStudioVersion = 10.0.40219.1
Project("{FAE04EC0-301F-11D3-BF4B-00C04F79EFBC}") = "Przyklad4", "Przyklad4.csproj", "{9E480FB1-8642-4F7E-A4B6-903240C9DDBD}"
EndProject
Global
	GlobalSection(SolutionConfigurationPlatforms) = preSolution
		Debug|Any CPU = Debug|Any CPU
		Release|Any CPU = Release|Any CPU
	EndGlobalSection
	GlobalSection(ProjectConfigurationPlatforms) = postSolution
		{9E480FB1-8642-4F7E-A4B6-903240C9DDBD}.Debug|Any CPU.ActiveCfg = Debug|Any CPU
		{9E480FB1-8642-4F7E-A4B6-903240C9DDBD}.Debug|Any CPU.Build.0 = Debug|Any CPU
		{9E480FB1-8642-4F7E-A4B6-903240C9DDBD}.Release|Any CPU.ActiveCfg = Release|Any CPU
		{9E480FB1-8642-4F7E-A4B6-903240C9DDBD}.Release|Any CPU.Build.0 = Release|Any CPU
	EndGlobalSection
	GlobalSection(SolutionProperties) = preSolution
		HideSolutionNode = FALSE
	EndGlobalSection
	GlobalSection(ExtensibilityGlobals) = postSolution
		SolutionGuid = {A91B05BE-C801-45D9-9917-AFA154814D7F}
	EndGlobalSection
EndGlobal
