
Microsoft Visual Studio Solution File, Format Version 12.00
# Visual Studio 15
VisualStudioVersion = 15.0.28307.271
MinimumVisualStudioVersion = 10.0.40219.1
Project("{FAE04EC0-301F-11D3-BF4B-00C04F79EFBC}") = "Shapes", "Shapes\Shapes.csproj", "{B1AD7F73-F9AC-41FD-8B47-E8546E5EE01E}"
EndProject
Global
	GlobalSection(SolutionConfigurationPlatforms) = preSolution
		Debug|Any CPU = Debug|Any CPU
		Release|Any CPU = Release|Any CPU
	EndGlobalSection
	GlobalSection(ProjectConfigurationPlatforms) = postSolution
		{B1AD7F73-F9AC-41FD-8B47-E8546E5EE01E}.Debug|Any CPU.ActiveCfg = Debug|Any CPU
		{B1AD7F73-F9AC-41FD-8B47-E8546E5EE01E}.Debug|Any CPU.Build.0 = Debug|Any CPU
		{B1AD7F73-F9AC-41FD-8B47-E8546E5EE01E}.Release|Any CPU.ActiveCfg = Release|Any CPU
		{B1AD7F73-F9AC-41FD-8B47-E8546E5EE01E}.Release|Any CPU.Build.0 = Release|Any CPU
	EndGlobalSection
	GlobalSection(SolutionProperties) = preSolution
		HideSolutionNode = FALSE
	EndGlobalSection
	GlobalSection(ExtensibilityGlobals) = postSolution
		SolutionGuid = {964AB3A3-57A4-47D1-AC11-285803D3C226}
	EndGlobalSection
EndGlobal
